{
    "version": 3,
    "terraform_version": "0.11.7",
    "serial": 36,
    "lineage": "68c81e57-d54e-47c8-b2af-7afcbb92beee",
    "modules": [
        {
            "path": [
                "root"
            ],
            "outputs": {},
            "resources": {
                "aws_security_group.from_europe": {
                    "type": "aws_security_group",
                    "depends_on": [
                        "data.aws_ip_ranges.european_ec2"
                    ],
                    "primary": {
                        "id": "sg-1125d26c",
                        "attributes": {
                            "arn": "arn:aws:ec2:eu-west-1:444111382131:security-group/sg-1125d26c",
                            "description": "Managed by Terraform",
                            "egress.#": "0",
                            "id": "sg-1125d26c",
                            "ingress.#": "0",
                            "name": "from_europe",
                            "owner_id": "444111382131",
                            "revoke_rules_on_delete": "false",
                            "tags.%": "2",
                            "tags.CreateDate": "2018-04-05-18-16-16",
                            "tags.SyncToken": "1522952176",
                            "vpc_id": "vpc-5908d33f"
                        },
                        "meta": {
                            "e2bfb730-ecaa-11e6-8f88-34363bc7c4c0": {
                                "create": 600000000000,
                                "delete": 600000000000
                            },
                            "schema_version": "1"
                        },
                        "tainted": false
                    },
                    "deposed": [],
                    "provider": "provider.aws"
                },
                "data.aws_ip_ranges.european_ec2": {
                    "type": "aws_ip_ranges",
                    "depends_on": [],
                    "primary": {
                        "id": "1522952176",
                        "attributes": {
                            "cidr_blocks.#": "46",
                            "cidr_blocks.0": "176.34.128.0/17",
                            "cidr_blocks.1": "176.34.64.0/18",
                            "cidr_blocks.10": "46.137.0.0/17",
                            "cidr_blocks.11": "46.137.128.0/18",
                            "cidr_blocks.12": "46.51.128.0/18",
                            "cidr_blocks.13": "46.51.192.0/20",
                            "cidr_blocks.14": "52.16.0.0/15",
                            "cidr_blocks.15": "52.18.0.0/15",
                            "cidr_blocks.16": "52.208.0.0/13",
                            "cidr_blocks.17": "52.28.0.0/16",
                            "cidr_blocks.18": "52.29.0.0/16",
                            "cidr_blocks.19": "52.30.0.0/15",
                            "cidr_blocks.2": "18.184.0.0/15",
                            "cidr_blocks.20": "52.46.184.0/22",
                            "cidr_blocks.21": "52.48.0.0/14",
                            "cidr_blocks.22": "52.57.0.0/16",
                            "cidr_blocks.23": "52.58.0.0/15",
                            "cidr_blocks.24": "52.94.248.112/28",
                            "cidr_blocks.25": "52.94.248.16/28",
                            "cidr_blocks.26": "52.95.244.0/24",
                            "cidr_blocks.27": "52.95.248.0/24",
                            "cidr_blocks.28": "52.95.255.128/28",
                            "cidr_blocks.29": "52.95.255.64/28",
                            "cidr_blocks.3": "18.194.0.0/15",
                            "cidr_blocks.30": "54.154.0.0/16",
                            "cidr_blocks.31": "54.155.0.0/16",
                            "cidr_blocks.32": "54.170.0.0/15",
                            "cidr_blocks.33": "54.194.0.0/15",
                            "cidr_blocks.34": "54.216.0.0/15",
                            "cidr_blocks.35": "54.220.0.0/16",
                            "cidr_blocks.36": "54.228.0.0/16",
                            "cidr_blocks.37": "54.229.0.0/16",
                            "cidr_blocks.38": "54.246.0.0/16",
                            "cidr_blocks.39": "54.247.0.0/16",
                            "cidr_blocks.4": "18.196.0.0/15",
                            "cidr_blocks.40": "54.72.0.0/15",
                            "cidr_blocks.41": "54.74.0.0/15",
                            "cidr_blocks.42": "54.76.0.0/15",
                            "cidr_blocks.43": "54.78.0.0/16",
                            "cidr_blocks.44": "54.93.0.0/16",
                            "cidr_blocks.45": "79.125.0.0/17",
                            "cidr_blocks.5": "18.200.0.0/16",
                            "cidr_blocks.6": "185.48.120.0/22",
                            "cidr_blocks.7": "34.240.0.0/13",
                            "cidr_blocks.8": "34.248.0.0/13",
                            "cidr_blocks.9": "35.156.0.0/14",
                            "create_date": "2018-04-05-18-16-16",
                            "id": "1522952176",
                            "regions.#": "2",
                            "regions.1612296418": "eu-west-1",
                            "regions.3365971835": "eu-central-1",
                            "services.#": "1",
                            "services.995495937": "ec2",
                            "sync_token": "1522952176"
                        },
                        "meta": {},
                        "tainted": false
                    },
                    "deposed": [],
                    "provider": "provider.aws"
                }
            },
            "depends_on": []
        }
    ]
}
