{
    "version": 3,
    "terraform_version": "0.11.2",
    "serial": 2,
    "lineage": "e9c73ff4-f017-4639-9a53-34f0b0ea11d2",
    "modules": [
        {
            "path": [
                "root"
            ],
            "outputs": {},
            "resources": {
                "aws_instance.example": {
                    "type": "aws_instance",
                    "depends_on": [],
                    "primary": {
                        "id": "i-088fe5bac9b8acab3",
                        "attributes": {
                            "ami": "ami-ce7d61aa",
                            "associate_public_ip_address": "true",
                            "availability_zone": "eu-west-2a",
                            "disable_api_termination": "false",
                            "ebs_block_device.#": "0",
                            "ebs_optimized": "false",
                            "ephemeral_block_device.#": "0",
                            "iam_instance_profile": "",
                            "id": "i-088fe5bac9b8acab3",
                            "instance_state": "running",
                            "instance_type": "t2.micro",
                            "ipv6_addresses.#": "0",
                            "key_name": "",
                            "monitoring": "false",
                            "network_interface.#": "0",
                            "network_interface_id": "eni-924f66c7",
                            "placement_group": "",
                            "primary_network_interface_id": "eni-924f66c7",
                            "private_dns": "ip-172-31-11-177.eu-west-2.compute.internal",
                            "private_ip": "172.31.11.177",
                            "public_dns": "ec2-35-178-26-216.eu-west-2.compute.amazonaws.com",
                            "public_ip": "35.178.26.216",
                            "root_block_device.#": "1",
                            "root_block_device.0.delete_on_termination": "true",
                            "root_block_device.0.iops": "100",
                            "root_block_device.0.volume_id": "vol-0b2ff9aa7fde9df73",
                            "root_block_device.0.volume_size": "8",
                            "root_block_device.0.volume_type": "gp2",
                            "security_groups.#": "1",
                            "security_groups.3814588639": "default",
                            "source_dest_check": "true",
                            "subnet_id": "subnet-7da3b605",
                            "tags.%": "0",
                            "tenancy": "default",
                            "volume_tags.%": "0",
                            "vpc_security_group_ids.#": "1",
                            "vpc_security_group_ids.3931159322": "sg-69c53000"
                        },
                        "meta": {
                            "e2bfb730-ecaa-11e6-8f88-34363bc7c4c0": {
                                "create": 600000000000,
                                "delete": 600000000000,
                                "update": 600000000000
                            },
                            "schema_version": "1"
                        },
                        "tainted": false
                    },
                    "deposed": [],
                    "provider": "provider.aws"
                }
            },
            "depends_on": []
        }
    ]
}
