{
    "version": 3,
    "terraform_version": "0.11.3",
    "serial": 28,
    "lineage": "68c81e57-d54e-47c8-b2af-7afcbb92beee",
    "modules": [
        {
            "path": [
                "root"
            ],
            "outputs": {},
            "resources": {
                "aws_instance.myvm": {
                    "type": "aws_instance",
                    "depends_on": [
                        "aws_security_group.mysg",
                        "aws_subnet.mysubnet"
                    ],
                    "primary": {
                        "id": "i-0a1a5f92d86fea46d",
                        "attributes": {
                            "ami": "ami-d834aba1",
                            "associate_public_ip_address": "true",
                            "availability_zone": "eu-west-1c",
                            "disable_api_termination": "false",
                            "ebs_block_device.#": "0",
                            "ebs_optimized": "false",
                            "ephemeral_block_device.#": "0",
                            "iam_instance_profile": "",
                            "id": "i-0a1a5f92d86fea46d",
                            "instance_state": "running",
                            "instance_type": "t2.micro",
                            "ipv6_addresses.#": "0",
                            "key_name": "mykeypair",
                            "monitoring": "false",
                            "network_interface.#": "0",
                            "network_interface_id": "eni-d45cd5f5",
                            "placement_group": "",
                            "primary_network_interface_id": "eni-d45cd5f5",
                            "private_dns": "ip-10-0-1-243.eu-west-1.compute.internal",
                            "private_ip": "10.0.1.243",
                            "public_dns": "",
                            "public_ip": "34.251.239.231",
                            "root_block_device.#": "1",
                            "root_block_device.0.delete_on_termination": "true",
                            "root_block_device.0.iops": "100",
                            "root_block_device.0.volume_id": "vol-05472cc4f05443cc8",
                            "root_block_device.0.volume_size": "8",
                            "root_block_device.0.volume_type": "gp2",
                            "security_groups.#": "0",
                            "source_dest_check": "true",
                            "subnet_id": "subnet-3c9a5c5a",
                            "tags.%": "0",
                            "tenancy": "default",
                            "volume_tags.%": "0",
                            "vpc_security_group_ids.#": "1",
                            "vpc_security_group_ids.2544546116": "sg-605e391a"
                        },
                        "meta": {
                            "e2bfb730-ecaa-11e6-8f88-34363bc7c4c0": {
                                "create": 600000000000,
                                "delete": 600000000000,
                                "update": 600000000000
                            },
                            "schema_version": "1"
                        },
                        "tainted": false
                    },
                    "deposed": [],
                    "provider": "provider.aws"
                },
                "aws_internet_gateway.myig": {
                    "type": "aws_internet_gateway",
                    "depends_on": [
                        "aws_vpc.myvpc"
                    ],
                    "primary": {
                        "id": "igw-d451c4b3",
                        "attributes": {
                            "id": "igw-d451c4b3",
                            "tags.%": "1",
                            "tags.Name": "myig",
                            "vpc_id": "vpc-3b68c35d"
                        },
                        "meta": {},
                        "tainted": false
                    },
                    "deposed": [],
                    "provider": "provider.aws"
                },
                "aws_route_table.myroute": {
                    "type": "aws_route_table",
                    "depends_on": [
                        "aws_internet_gateway.myig",
                        "aws_vpc.myvpc"
                    ],
                    "primary": {
                        "id": "rtb-b607fdcf",
                        "attributes": {
                            "id": "rtb-b607fdcf",
                            "propagating_vgws.#": "0",
                            "route.#": "1",
                            "route.4018552877.cidr_block": "0.0.0.0/0",
                            "route.4018552877.egress_only_gateway_id": "",
                            "route.4018552877.gateway_id": "igw-d451c4b3",
                            "route.4018552877.instance_id": "",
                            "route.4018552877.ipv6_cidr_block": "",
                            "route.4018552877.nat_gateway_id": "",
                            "route.4018552877.network_interface_id": "",
                            "route.4018552877.vpc_peering_connection_id": "",
                            "tags.%": "1",
                            "tags.Name": "myroute",
                            "vpc_id": "vpc-3b68c35d"
                        },
                        "meta": {},
                        "tainted": false
                    },
                    "deposed": [],
                    "provider": "provider.aws"
                },
                "aws_route_table_association.sub_route_a": {
                    "type": "aws_route_table_association",
                    "depends_on": [
                        "aws_route_table.myroute",
                        "aws_subnet.mysubnet"
                    ],
                    "primary": {
                        "id": "rtbassoc-6f109e17",
                        "attributes": {
                            "id": "rtbassoc-6f109e17",
                            "route_table_id": "rtb-b607fdcf",
                            "subnet_id": "subnet-3c9a5c5a"
                        },
                        "meta": {},
                        "tainted": false
                    },
                    "deposed": [],
                    "provider": "provider.aws"
                },
                "aws_security_group.mysg": {
                    "type": "aws_security_group",
                    "depends_on": [
                        "aws_vpc.myvpc"
                    ],
                    "primary": {
                        "id": "sg-605e391a",
                        "attributes": {
                            "description": "Allow ssh inbound traffic",
                            "egress.#": "2",
                            "egress.2214680975.cidr_blocks.#": "1",
                            "egress.2214680975.cidr_blocks.0": "0.0.0.0/0",
                            "egress.2214680975.description": "",
                            "egress.2214680975.from_port": "80",
                            "egress.2214680975.ipv6_cidr_blocks.#": "0",
                            "egress.2214680975.prefix_list_ids.#": "0",
                            "egress.2214680975.protocol": "tcp",
                            "egress.2214680975.security_groups.#": "0",
                            "egress.2214680975.self": "false",
                            "egress.2214680975.to_port": "80",
                            "egress.2617001939.cidr_blocks.#": "1",
                            "egress.2617001939.cidr_blocks.0": "0.0.0.0/0",
                            "egress.2617001939.description": "",
                            "egress.2617001939.from_port": "443",
                            "egress.2617001939.ipv6_cidr_blocks.#": "0",
                            "egress.2617001939.prefix_list_ids.#": "0",
                            "egress.2617001939.protocol": "tcp",
                            "egress.2617001939.security_groups.#": "0",
                            "egress.2617001939.self": "false",
                            "egress.2617001939.to_port": "443",
                            "id": "sg-605e391a",
                            "ingress.#": "1",
                            "ingress.819864364.cidr_blocks.#": "1",
                            "ingress.819864364.cidr_blocks.0": "86.15.20.140/32",
                            "ingress.819864364.description": "",
                            "ingress.819864364.from_port": "22",
                            "ingress.819864364.ipv6_cidr_blocks.#": "0",
                            "ingress.819864364.protocol": "tcp",
                            "ingress.819864364.security_groups.#": "0",
                            "ingress.819864364.self": "false",
                            "ingress.819864364.to_port": "22",
                            "name": "Allow_ssh_myip",
                            "owner_id": "444111382131",
                            "revoke_rules_on_delete": "false",
                            "tags.%": "0",
                            "vpc_id": "vpc-3b68c35d"
                        },
                        "meta": {
                            "schema_version": "1"
                        },
                        "tainted": false
                    },
                    "deposed": [],
                    "provider": "provider.aws"
                },
                "aws_subnet.mysubnet": {
                    "type": "aws_subnet",
                    "depends_on": [
                        "aws_vpc.myvpc"
                    ],
                    "primary": {
                        "id": "subnet-3c9a5c5a",
                        "attributes": {
                            "assign_ipv6_address_on_creation": "false",
                            "availability_zone": "eu-west-1c",
                            "cidr_block": "10.0.1.0/24",
                            "id": "subnet-3c9a5c5a",
                            "map_public_ip_on_launch": "true",
                            "tags.%": "1",
                            "tags.Name": "mysubnet",
                            "vpc_id": "vpc-3b68c35d"
                        },
                        "meta": {
                            "schema_version": "1"
                        },
                        "tainted": false
                    },
                    "deposed": [],
                    "provider": "provider.aws"
                },
                "aws_vpc.myvpc": {
                    "type": "aws_vpc",
                    "depends_on": [],
                    "primary": {
                        "id": "vpc-3b68c35d",
                        "attributes": {
                            "assign_generated_ipv6_cidr_block": "false",
                            "cidr_block": "10.0.0.0/16",
                            "default_network_acl_id": "acl-9c3269fa",
                            "default_route_table_id": "rtb-fe04fe87",
                            "default_security_group_id": "sg-4a573030",
                            "dhcp_options_id": "dopt-0eedef69",
                            "enable_classiclink": "false",
                            "enable_classiclink_dns_support": "false",
                            "enable_dns_hostnames": "false",
                            "enable_dns_support": "true",
                            "id": "vpc-3b68c35d",
                            "instance_tenancy": "default",
                            "main_route_table_id": "rtb-fe04fe87",
                            "tags.%": "1",
                            "tags.Name": "myvpc"
                        },
                        "meta": {
                            "schema_version": "1"
                        },
                        "tainted": false
                    },
                    "deposed": [],
                    "provider": "provider.aws"
                }
            },
            "depends_on": []
        }
    ]
}
