{
    "version": 3,
    "terraform_version": "0.11.3",
    "serial": 19,
    "lineage": "68c81e57-d54e-47c8-b2af-7afcbb92beee",
    "modules": [
        {
            "path": [
                "root"
            ],
            "outputs": {},
            "resources": {
                "aws_eip.ep": {
                    "type": "aws_eip",
                    "depends_on": [],
                    "primary": {
                        "id": "eipalloc-67d36c5a",
                        "attributes": {
                            "association_id": "eipassoc-eef6f535",
                            "domain": "vpc",
                            "id": "eipalloc-67d36c5a",
                            "instance": "i-0383433b804808c7e",
                            "network_interface": "eni-731f1a71",
                            "private_ip": "10.0.1.230",
                            "public_ip": "34.241.173.111",
                            "tags.%": "0",
                            "vpc": "true"
                        },
                        "meta": {},
                        "tainted": false
                    },
                    "deposed": [],
                    "provider": "provider.aws"
                },
                "aws_eip_association.eip_assoc": {
                    "type": "aws_eip_association",
                    "depends_on": [
                        "aws_eip.ep",
                        "aws_instance.pub"
                    ],
                    "primary": {
                        "id": "eipassoc-eef6f535",
                        "attributes": {
                            "allocation_id": "eipalloc-67d36c5a",
                            "id": "eipassoc-eef6f535",
                            "instance_id": "i-0383433b804808c7e",
                            "network_interface_id": "eni-731f1a71",
                            "private_ip_address": "10.0.1.230",
                            "public_ip": "34.241.173.111"
                        },
                        "meta": {},
                        "tainted": false
                    },
                    "deposed": [],
                    "provider": "provider.aws"
                },
                "aws_instance.priv": {
                    "type": "aws_instance",
                    "depends_on": [
                        "aws_security_group.allow_ssh",
                        "aws_subnet.private"
                    ],
                    "primary": {
                        "id": "i-057cf8c1044e0e675",
                        "attributes": {
                            "ami": "ami-d834aba1",
                            "associate_public_ip_address": "false",
                            "availability_zone": "eu-west-1c",
                            "disable_api_termination": "false",
                            "ebs_block_device.#": "0",
                            "ebs_optimized": "false",
                            "ephemeral_block_device.#": "0",
                            "iam_instance_profile": "",
                            "id": "i-057cf8c1044e0e675",
                            "instance_state": "running",
                            "instance_type": "t2.micro",
                            "ipv6_addresses.#": "0",
                            "key_name": "awspaolo",
                            "monitoring": "false",
                            "network_interface.#": "0",
                            "network_interface_id": "eni-90c807b1",
                            "placement_group": "",
                            "primary_network_interface_id": "eni-90c807b1",
                            "private_dns": "ip-10-0-2-186.eu-west-1.compute.internal",
                            "private_ip": "10.0.2.186",
                            "public_dns": "",
                            "public_ip": "",
                            "root_block_device.#": "1",
                            "root_block_device.0.delete_on_termination": "true",
                            "root_block_device.0.iops": "100",
                            "root_block_device.0.volume_id": "vol-02b6f25072219caa0",
                            "root_block_device.0.volume_size": "8",
                            "root_block_device.0.volume_type": "gp2",
                            "security_groups.#": "0",
                            "source_dest_check": "true",
                            "subnet_id": "subnet-8a0cf0ec",
                            "tags.%": "0",
                            "tenancy": "default",
                            "volume_tags.%": "0",
                            "vpc_security_group_ids.#": "1",
                            "vpc_security_group_ids.3227694695": "sg-e58d359f"
                        },
                        "meta": {
                            "e2bfb730-ecaa-11e6-8f88-34363bc7c4c0": {
                                "create": 600000000000,
                                "delete": 600000000000,
                                "update": 600000000000
                            },
                            "schema_version": "1"
                        },
                        "tainted": false
                    },
                    "deposed": [],
                    "provider": "provider.aws"
                },
                "aws_instance.pub": {
                    "type": "aws_instance",
                    "depends_on": [
                        "aws_security_group.allow_ssh_myip",
                        "aws_subnet.public"
                    ],
                    "primary": {
                        "id": "i-0383433b804808c7e",
                        "attributes": {
                            "ami": "ami-d834aba1",
                            "associate_public_ip_address": "true",
                            "availability_zone": "eu-west-1b",
                            "disable_api_termination": "false",
                            "ebs_block_device.#": "0",
                            "ebs_optimized": "false",
                            "ephemeral_block_device.#": "0",
                            "iam_instance_profile": "",
                            "id": "i-0383433b804808c7e",
                            "instance_state": "running",
                            "instance_type": "t2.micro",
                            "ipv6_addresses.#": "0",
                            "key_name": "awspaolo",
                            "monitoring": "false",
                            "network_interface.#": "0",
                            "network_interface_id": "eni-731f1a71",
                            "placement_group": "",
                            "primary_network_interface_id": "eni-731f1a71",
                            "private_dns": "ip-10-0-1-230.eu-west-1.compute.internal",
                            "private_ip": "10.0.1.230",
                            "public_dns": "",
                            "public_ip": "34.241.173.111",
                            "root_block_device.#": "1",
                            "root_block_device.0.delete_on_termination": "true",
                            "root_block_device.0.iops": "100",
                            "root_block_device.0.volume_id": "vol-01f80d5a4481771bb",
                            "root_block_device.0.volume_size": "8",
                            "root_block_device.0.volume_type": "gp2",
                            "security_groups.#": "0",
                            "source_dest_check": "true",
                            "subnet_id": "subnet-c9d1e892",
                            "tags.%": "0",
                            "tenancy": "default",
                            "volume_tags.%": "0",
                            "vpc_security_group_ids.#": "1",
                            "vpc_security_group_ids.3683331893": "sg-c68038bc"
                        },
                        "meta": {
                            "e2bfb730-ecaa-11e6-8f88-34363bc7c4c0": {
                                "create": 600000000000,
                                "delete": 600000000000,
                                "update": 600000000000
                            },
                            "schema_version": "1"
                        },
                        "tainted": false
                    },
                    "deposed": [],
                    "provider": "provider.aws"
                },
                "aws_internet_gateway.gw": {
                    "type": "aws_internet_gateway",
                    "depends_on": [
                        "aws_vpc.main"
                    ],
                    "primary": {
                        "id": "igw-f154d796",
                        "attributes": {
                            "id": "igw-f154d796",
                            "tags.%": "1",
                            "tags.Name": "gw",
                            "vpc_id": "vpc-b22481d4"
                        },
                        "meta": {},
                        "tainted": false
                    },
                    "deposed": [],
                    "provider": "provider.aws"
                },
                "aws_route_table.pub": {
                    "type": "aws_route_table",
                    "depends_on": [
                        "aws_internet_gateway.gw",
                        "aws_vpc.main"
                    ],
                    "primary": {
                        "id": "rtb-2c7a9055",
                        "attributes": {
                            "id": "rtb-2c7a9055",
                            "propagating_vgws.#": "0",
                            "route.#": "1",
                            "route.3820321882.cidr_block": "0.0.0.0/0",
                            "route.3820321882.egress_only_gateway_id": "",
                            "route.3820321882.gateway_id": "igw-f154d796",
                            "route.3820321882.instance_id": "",
                            "route.3820321882.ipv6_cidr_block": "",
                            "route.3820321882.nat_gateway_id": "",
                            "route.3820321882.network_interface_id": "",
                            "route.3820321882.vpc_peering_connection_id": "",
                            "tags.%": "1",
                            "tags.Name": "main",
                            "vpc_id": "vpc-b22481d4"
                        },
                        "meta": {},
                        "tainted": false
                    },
                    "deposed": [],
                    "provider": "provider.aws"
                },
                "aws_route_table_association.a": {
                    "type": "aws_route_table_association",
                    "depends_on": [
                        "aws_route_table.pub",
                        "aws_subnet.public"
                    ],
                    "primary": {
                        "id": "rtbassoc-c7c270bf",
                        "attributes": {
                            "id": "rtbassoc-c7c270bf",
                            "route_table_id": "rtb-2c7a9055",
                            "subnet_id": "subnet-c9d1e892"
                        },
                        "meta": {},
                        "tainted": false
                    },
                    "deposed": [],
                    "provider": "provider.aws"
                },
                "aws_security_group.allow_ssh": {
                    "type": "aws_security_group",
                    "depends_on": [
                        "aws_subnet.public",
                        "aws_vpc.main"
                    ],
                    "primary": {
                        "id": "sg-e58d359f",
                        "attributes": {
                            "description": "Allow ssh inbound traffic",
                            "egress.#": "0",
                            "id": "sg-e58d359f",
                            "ingress.#": "1",
                            "ingress.2709622021.cidr_blocks.#": "1",
                            "ingress.2709622021.cidr_blocks.0": "10.0.1.0/24",
                            "ingress.2709622021.description": "",
                            "ingress.2709622021.from_port": "22",
                            "ingress.2709622021.ipv6_cidr_blocks.#": "0",
                            "ingress.2709622021.protocol": "tcp",
                            "ingress.2709622021.security_groups.#": "0",
                            "ingress.2709622021.self": "false",
                            "ingress.2709622021.to_port": "22",
                            "name": "allow_ssh_pub_to_priv",
                            "owner_id": "444111382131",
                            "revoke_rules_on_delete": "false",
                            "tags.%": "0",
                            "vpc_id": "vpc-b22481d4"
                        },
                        "meta": {
                            "schema_version": "1"
                        },
                        "tainted": false
                    },
                    "deposed": [],
                    "provider": "provider.aws"
                },
                "aws_security_group.allow_ssh_myip": {
                    "type": "aws_security_group",
                    "depends_on": [
                        "aws_vpc.main"
                    ],
                    "primary": {
                        "id": "sg-c68038bc",
                        "attributes": {
                            "description": "Allow ssh inbound traffic",
                            "egress.#": "2",
                            "egress.2214680975.cidr_blocks.#": "1",
                            "egress.2214680975.cidr_blocks.0": "0.0.0.0/0",
                            "egress.2214680975.description": "",
                            "egress.2214680975.from_port": "80",
                            "egress.2214680975.ipv6_cidr_blocks.#": "0",
                            "egress.2214680975.prefix_list_ids.#": "0",
                            "egress.2214680975.protocol": "tcp",
                            "egress.2214680975.security_groups.#": "0",
                            "egress.2214680975.self": "false",
                            "egress.2214680975.to_port": "80",
                            "egress.2617001939.cidr_blocks.#": "1",
                            "egress.2617001939.cidr_blocks.0": "0.0.0.0/0",
                            "egress.2617001939.description": "",
                            "egress.2617001939.from_port": "443",
                            "egress.2617001939.ipv6_cidr_blocks.#": "0",
                            "egress.2617001939.prefix_list_ids.#": "0",
                            "egress.2617001939.protocol": "tcp",
                            "egress.2617001939.security_groups.#": "0",
                            "egress.2617001939.self": "false",
                            "egress.2617001939.to_port": "443",
                            "id": "sg-c68038bc",
                            "ingress.#": "1",
                            "ingress.273214204.cidr_blocks.#": "1",
                            "ingress.273214204.cidr_blocks.0": "82.11.73.243/32",
                            "ingress.273214204.description": "",
                            "ingress.273214204.from_port": "22",
                            "ingress.273214204.ipv6_cidr_blocks.#": "0",
                            "ingress.273214204.protocol": "tcp",
                            "ingress.273214204.security_groups.#": "0",
                            "ingress.273214204.self": "false",
                            "ingress.273214204.to_port": "22",
                            "name": "allow_ssh_myip",
                            "owner_id": "444111382131",
                            "revoke_rules_on_delete": "false",
                            "tags.%": "0",
                            "vpc_id": "vpc-b22481d4"
                        },
                        "meta": {
                            "schema_version": "1"
                        },
                        "tainted": false
                    },
                    "deposed": [],
                    "provider": "provider.aws"
                },
                "aws_subnet.private": {
                    "type": "aws_subnet",
                    "depends_on": [
                        "aws_vpc.main"
                    ],
                    "primary": {
                        "id": "subnet-8a0cf0ec",
                        "attributes": {
                            "assign_ipv6_address_on_creation": "false",
                            "availability_zone": "eu-west-1c",
                            "cidr_block": "10.0.2.0/24",
                            "id": "subnet-8a0cf0ec",
                            "map_public_ip_on_launch": "false",
                            "tags.%": "1",
                            "tags.Name": "private",
                            "vpc_id": "vpc-b22481d4"
                        },
                        "meta": {
                            "schema_version": "1"
                        },
                        "tainted": false
                    },
                    "deposed": [],
                    "provider": "provider.aws"
                },
                "aws_subnet.public": {
                    "type": "aws_subnet",
                    "depends_on": [
                        "aws_vpc.main"
                    ],
                    "primary": {
                        "id": "subnet-c9d1e892",
                        "attributes": {
                            "assign_ipv6_address_on_creation": "false",
                            "availability_zone": "eu-west-1b",
                            "cidr_block": "10.0.1.0/24",
                            "id": "subnet-c9d1e892",
                            "map_public_ip_on_launch": "false",
                            "tags.%": "1",
                            "tags.Name": "public",
                            "vpc_id": "vpc-b22481d4"
                        },
                        "meta": {
                            "schema_version": "1"
                        },
                        "tainted": false
                    },
                    "deposed": [],
                    "provider": "provider.aws"
                },
                "aws_vpc.main": {
                    "type": "aws_vpc",
                    "depends_on": [],
                    "primary": {
                        "id": "vpc-b22481d4",
                        "attributes": {
                            "assign_generated_ipv6_cidr_block": "false",
                            "cidr_block": "10.0.0.0/16",
                            "default_network_acl_id": "acl-64591302",
                            "default_route_table_id": "rtb-30789249",
                            "default_security_group_id": "sg-18853d62",
                            "dhcp_options_id": "dopt-0eedef69",
                            "enable_classiclink": "false",
                            "enable_classiclink_dns_support": "false",
                            "enable_dns_hostnames": "false",
                            "enable_dns_support": "true",
                            "id": "vpc-b22481d4",
                            "instance_tenancy": "default",
                            "main_route_table_id": "rtb-30789249",
                            "tags.%": "1",
                            "tags.Name": "main"
                        },
                        "meta": {
                            "schema_version": "1"
                        },
                        "tainted": false
                    },
                    "deposed": [],
                    "provider": "provider.aws"
                }
            },
            "depends_on": []
        }
    ]
}
